// !$*UTF8*$!
{
	archiveVersion = 1;
	classes = {
	};
	objectVersion = 46;
	objects = {

/* Begin PBXBuildFile section */
		917C4A301EE404D400C3F3CA /* GameplayScene.swift in Sources */ = {isa = PBXBuildFile; fileRef = 917C4A2F1EE404D400C3F3CA /* GameplayScene.swift */; };
		917C4A331EE4070400C3F3CA /* PlayerClass.swift in Sources */ = {isa = PBXBuildFile; fileRef = 917C4A321EE4070400C3F3CA /* PlayerClass.swift */; };
		917C4A3D1EE4077900C3F3CA /* Pause Menu.png in Resources */ = {isa = PBXBuildFile; fileRef = 917C4A391EE4077900C3F3CA /* Pause Menu.png */; };
		917C4A3E1EE4077900C3F3CA /* Quit Button 2.png in Resources */ = {isa = PBXBuildFile; fileRef = 917C4A3A1EE4077900C3F3CA /* Quit Button 2.png */; };
		917C4A3F1EE4077900C3F3CA /* Resume Button.png in Resources */ = {isa = PBXBuildFile; fileRef = 917C4A3B1EE4077900C3F3CA /* Resume Button.png */; };
		917C4A401EE4077900C3F3CA /* Show Score.png in Resources */ = {isa = PBXBuildFile; fileRef = 917C4A3C1EE4077900C3F3CA /* Show Score.png */; };
		917C4A681EE4079000C3F3CA /* Coin.png in Resources */ = {isa = PBXBuildFile; fileRef = 917C4A421EE4079000C3F3CA /* Coin.png */; };
		917C4A691EE4079000C3F3CA /* Life.png in Resources */ = {isa = PBXBuildFile; fileRef = 917C4A431EE4079000C3F3CA /* Life.png */; };
		917C4A6A1EE4079000C3F3CA /* Cloud 1.png in Resources */ = {isa = PBXBuildFile; fileRef = 917C4A461EE4079000C3F3CA /* Cloud 1.png */; };
		917C4A6B1EE4079000C3F3CA /* Cloud 2.png in Resources */ = {isa = PBXBuildFile; fileRef = 917C4A471EE4079000C3F3CA /* Cloud 2.png */; };
		917C4A6C1EE4079000C3F3CA /* Cloud 3.png in Resources */ = {isa = PBXBuildFile; fileRef = 917C4A481EE4079000C3F3CA /* Cloud 3.png */; };
		917C4A6D1EE4079000C3F3CA /* Dark Cloud.png in Resources */ = {isa = PBXBuildFile; fileRef = 917C4A491EE4079000C3F3CA /* Dark Cloud.png */; };
		917C4A6E1EE4079000C3F3CA /* blow.ttf in Resources */ = {isa = PBXBuildFile; fileRef = 917C4A4B1EE4079000C3F3CA /* blow.ttf */; };
		917C4A6F1EE4079000C3F3CA /* Background music.mp3 in Resources */ = {isa = PBXBuildFile; fileRef = 917C4A4D1EE4079000C3F3CA /* Background music.mp3 */; };
		917C4A701EE4079000C3F3CA /* Click Sound.wav in Resources */ = {isa = PBXBuildFile; fileRef = 917C4A4E1EE4079000C3F3CA /* Click Sound.wav */; };
		917C4A711EE4079000C3F3CA /* Coin Sound.wav in Resources */ = {isa = PBXBuildFile; fileRef = 917C4A4F1EE4079000C3F3CA /* Coin Sound.wav */; };
		917C4A721EE4079000C3F3CA /* Life Sound.wav in Resources */ = {isa = PBXBuildFile; fileRef = 917C4A501EE4079000C3F3CA /* Life Sound.wav */; };
		917C4A731EE4079000C3F3CA /* Game BG.png in Resources */ = {isa = PBXBuildFile; fileRef = 917C4A521EE4079000C3F3CA /* Game BG.png */; };
		917C4A741EE4079000C3F3CA /* Highscore BG.png in Resources */ = {isa = PBXBuildFile; fileRef = 917C4A531EE4079000C3F3CA /* Highscore BG.png */; };
		917C4A751EE4079000C3F3CA /* Menu BG.png in Resources */ = {isa = PBXBuildFile; fileRef = 917C4A541EE4079000C3F3CA /* Menu BG.png */; };
		917C4A761EE4079000C3F3CA /* Options BG.png in Resources */ = {isa = PBXBuildFile; fileRef = 917C4A551EE4079000C3F3CA /* Options BG.png */; };
		917C4A771EE4079000C3F3CA /* Pause Button.png in Resources */ = {isa = PBXBuildFile; fileRef = 917C4A581EE4079000C3F3CA /* Pause Button.png */; };
		917C4A781EE4079000C3F3CA /* Ready.png in Resources */ = {isa = PBXBuildFile; fileRef = 917C4A591EE4079000C3F3CA /* Ready.png */; };
		917C4A791EE4079000C3F3CA /* Score.png in Resources */ = {isa = PBXBuildFile; fileRef = 917C4A5A1EE4079000C3F3CA /* Score.png */; };
		917C4A7A1EE4079000C3F3CA /* Back Button.png in Resources */ = {isa = PBXBuildFile; fileRef = 917C4A5C1EE4079000C3F3CA /* Back Button.png */; };
		917C4A7B1EE4079000C3F3CA /* Check Sign.png in Resources */ = {isa = PBXBuildFile; fileRef = 917C4A5D1EE4079000C3F3CA /* Check Sign.png */; };
		917C4A7C1EE4079000C3F3CA /* Easy Button.png in Resources */ = {isa = PBXBuildFile; fileRef = 917C4A5E1EE4079000C3F3CA /* Easy Button.png */; };
		917C4A7D1EE4079000C3F3CA /* Hard Button.png in Resources */ = {isa = PBXBuildFile; fileRef = 917C4A5F1EE4079000C3F3CA /* Hard Button.png */; };
		917C4A7E1EE4079000C3F3CA /* Medium Button.png in Resources */ = {isa = PBXBuildFile; fileRef = 917C4A601EE4079000C3F3CA /* Medium Button.png */; };
		917C4A7F1EE4079000C3F3CA /* Highscore Button.png in Resources */ = {isa = PBXBuildFile; fileRef = 917C4A621EE4079000C3F3CA /* Highscore Button.png */; };
		917C4A801EE4079000C3F3CA /* Music Off Button.png in Resources */ = {isa = PBXBuildFile; fileRef = 917C4A631EE4079000C3F3CA /* Music Off Button.png */; };
		917C4A811EE4079000C3F3CA /* Music On Button.png in Resources */ = {isa = PBXBuildFile; fileRef = 917C4A641EE4079000C3F3CA /* Music On Button.png */; };
		917C4A821EE4079000C3F3CA /* Options Button.png in Resources */ = {isa = PBXBuildFile; fileRef = 917C4A651EE4079000C3F3CA /* Options Button.png */; };
		917C4A831EE4079000C3F3CA /* Quit Button.png in Resources */ = {isa = PBXBuildFile; fileRef = 917C4A661EE4079000C3F3CA /* Quit Button.png */; };
		917C4A841EE4079000C3F3CA /* Start Game Button.png in Resources */ = {isa = PBXBuildFile; fileRef = 917C4A671EE4079000C3F3CA /* Start Game Button.png */; };
		917C4A8F1EE407A200C3F3CA /* Player 1.png in Resources */ = {isa = PBXBuildFile; fileRef = 917C4A861EE407A200C3F3CA /* Player 1.png */; };
		917C4A901EE407A200C3F3CA /* Player 2.png in Resources */ = {isa = PBXBuildFile; fileRef = 917C4A871EE407A200C3F3CA /* Player 2.png */; };
		917C4A911EE407A200C3F3CA /* Player 3.png in Resources */ = {isa = PBXBuildFile; fileRef = 917C4A881EE407A200C3F3CA /* Player 3.png */; };
		917C4A921EE407A200C3F3CA /* Player 4.png in Resources */ = {isa = PBXBuildFile; fileRef = 917C4A891EE407A200C3F3CA /* Player 4.png */; };
		917C4A931EE407A200C3F3CA /* Player 5.png in Resources */ = {isa = PBXBuildFile; fileRef = 917C4A8A1EE407A200C3F3CA /* Player 5.png */; };
		917C4A941EE407A200C3F3CA /* Player 6.png in Resources */ = {isa = PBXBuildFile; fileRef = 917C4A8B1EE407A200C3F3CA /* Player 6.png */; };
		917C4A951EE407A200C3F3CA /* Player 7.png in Resources */ = {isa = PBXBuildFile; fileRef = 917C4A8C1EE407A200C3F3CA /* Player 7.png */; };
		917C4A961EE407A200C3F3CA /* Player 8.png in Resources */ = {isa = PBXBuildFile; fileRef = 917C4A8D1EE407A200C3F3CA /* Player 8.png */; };
		917C4A971EE407A200C3F3CA /* Player.atlas in Resources */ = {isa = PBXBuildFile; fileRef = 917C4A8E1EE407A200C3F3CA /* Player.atlas */; };
		917C4A9A1EE4085900C3F3CA /* GameplayScene.sks in Resources */ = {isa = PBXBuildFile; fileRef = 917C4A991EE4085900C3F3CA /* GameplayScene.sks */; };
		917C4A9E1EE4D2D100C3F3CA /* BGClass.swift in Sources */ = {isa = PBXBuildFile; fileRef = 917C4A9D1EE4D2D100C3F3CA /* BGClass.swift */; };
		917C4AA11EE4DBC100C3F3CA /* CloudsController.swift in Sources */ = {isa = PBXBuildFile; fileRef = 917C4AA01EE4DBC100C3F3CA /* CloudsController.swift */; };
		91A6AD881EE2B44B0076373D /* AppDelegate.swift in Sources */ = {isa = PBXBuildFile; fileRef = 91A6AD871EE2B44B0076373D /* AppDelegate.swift */; };
		91A6AD8A1EE2B44B0076373D /* GameScene.sks in Resources */ = {isa = PBXBuildFile; fileRef = 91A6AD891EE2B44B0076373D /* GameScene.sks */; };
		91A6AD8C1EE2B44B0076373D /* Actions.sks in Resources */ = {isa = PBXBuildFile; fileRef = 91A6AD8B1EE2B44B0076373D /* Actions.sks */; };
		91A6AD8E1EE2B44B0076373D /* GameScene.swift in Sources */ = {isa = PBXBuildFile; fileRef = 91A6AD8D1EE2B44B0076373D /* GameScene.swift */; };
		91A6AD901EE2B44B0076373D /* GameViewController.swift in Sources */ = {isa = PBXBuildFile; fileRef = 91A6AD8F1EE2B44B0076373D /* GameViewController.swift */; };
		91A6AD931EE2B44B0076373D /* Main.storyboard in Resources */ = {isa = PBXBuildFile; fileRef = 91A6AD911EE2B44B0076373D /* Main.storyboard */; };
		91A6AD951EE2B44B0076373D /* Assets.xcassets in Resources */ = {isa = PBXBuildFile; fileRef = 91A6AD941EE2B44B0076373D /* Assets.xcassets */; };
		91A6AD981EE2B44B0076373D /* LaunchScreen.storyboard in Resources */ = {isa = PBXBuildFile; fileRef = 91A6AD961EE2B44B0076373D /* LaunchScreen.storyboard */; };
		91A6ADA31EE2B44C0076373D /* Jack_The_GiantTests.swift in Sources */ = {isa = PBXBuildFile; fileRef = 91A6ADA21EE2B44C0076373D /* Jack_The_GiantTests.swift */; };
		91A6ADAE1EE2B44C0076373D /* Jack_The_GiantUITests.swift in Sources */ = {isa = PBXBuildFile; fileRef = 91A6ADAD1EE2B44C0076373D /* Jack_The_GiantUITests.swift */; };
/* End PBXBuildFile section */

/* Begin PBXContainerItemProxy section */
		91A6AD9F1EE2B44C0076373D /* PBXContainerItemProxy */ = {
			isa = PBXContainerItemProxy;
			containerPortal = 91A6AD7C1EE2B44B0076373D /* Project object */;
			proxyType = 1;
			remoteGlobalIDString = 91A6AD831EE2B44B0076373D;
			remoteInfo = "Jack The Giant";
		};
		91A6ADAA1EE2B44C0076373D /* PBXContainerItemProxy */ = {
			isa = PBXContainerItemProxy;
			containerPortal = 91A6AD7C1EE2B44B0076373D /* Project object */;
			proxyType = 1;
			remoteGlobalIDString = 91A6AD831EE2B44B0076373D;
			remoteInfo = "Jack The Giant";
		};
/* End PBXContainerItemProxy section */

/* Begin PBXFileReference section */
		917C4A2F1EE404D400C3F3CA /* GameplayScene.swift */ = {isa = PBXFileReference; fileEncoding = 4; lastKnownFileType = sourcecode.swift; path = GameplayScene.swift; sourceTree = "<group>"; };
		917C4A321EE4070400C3F3CA /* PlayerClass.swift */ = {isa = PBXFileReference; fileEncoding = 4; lastKnownFileType = sourcecode.swift; path = PlayerClass.swift; sourceTree = "<group>"; };
		917C4A391EE4077900C3F3CA /* Pause Menu.png */ = {isa = PBXFileReference; lastKnownFileType = image.png; path = "Pause Menu.png"; sourceTree = "<group>"; };
		917C4A3A1EE4077900C3F3CA /* Quit Button 2.png */ = {isa = PBXFileReference; lastKnownFileType = image.png; path = "Quit Button 2.png"; sourceTree = "<group>"; };
		917C4A3B1EE4077900C3F3CA /* Resume Button.png */ = {isa = PBXFileReference; lastKnownFileType = image.png; path = "Resume Button.png"; sourceTree = "<group>"; };
		917C4A3C1EE4077900C3F3CA /* Show Score.png */ = {isa = PBXFileReference; lastKnownFileType = image.png; path = "Show Score.png"; sourceTree = "<group>"; };
		917C4A421EE4079000C3F3CA /* Coin.png */ = {isa = PBXFileReference; lastKnownFileType = image.png; path = Coin.png; sourceTree = "<group>"; };
		917C4A431EE4079000C3F3CA /* Life.png */ = {isa = PBXFileReference; lastKnownFileType = image.png; path = Life.png; sourceTree = "<group>"; };
		917C4A461EE4079000C3F3CA /* Cloud 1.png */ = {isa = PBXFileReference; lastKnownFileType = image.png; path = "Cloud 1.png"; sourceTree = "<group>"; };
		917C4A471EE4079000C3F3CA /* Cloud 2.png */ = {isa = PBXFileReference; lastKnownFileType = image.png; path = "Cloud 2.png"; sourceTree = "<group>"; };
		917C4A481EE4079000C3F3CA /* Cloud 3.png */ = {isa = PBXFileReference; lastKnownFileType = image.png; path = "Cloud 3.png"; sourceTree = "<group>"; };
		917C4A491EE4079000C3F3CA /* Dark Cloud.png */ = {isa = PBXFileReference; lastKnownFileType = image.png; path = "Dark Cloud.png"; sourceTree = "<group>"; };
		917C4A4B1EE4079000C3F3CA /* blow.ttf */ = {isa = PBXFileReference; lastKnownFileType = file; path = blow.ttf; sourceTree = "<group>"; };
		917C4A4D1EE4079000C3F3CA /* Background music.mp3 */ = {isa = PBXFileReference; lastKnownFileType = audio.mp3; path = "Background music.mp3"; sourceTree = "<group>"; };
		917C4A4E1EE4079000C3F3CA /* Click Sound.wav */ = {isa = PBXFileReference; lastKnownFileType = audio.wav; path = "Click Sound.wav"; sourceTree = "<group>"; };
		917C4A4F1EE4079000C3F3CA /* Coin Sound.wav */ = {isa = PBXFileReference; lastKnownFileType = audio.wav; path = "Coin Sound.wav"; sourceTree = "<group>"; };
		917C4A501EE4079000C3F3CA /* Life Sound.wav */ = {isa = PBXFileReference; lastKnownFileType = audio.wav; path = "Life Sound.wav"; sourceTree = "<group>"; };
		917C4A521EE4079000C3F3CA /* Game BG.png */ = {isa = PBXFileReference; lastKnownFileType = image.png; path = "Game BG.png"; sourceTree = "<group>"; };
		917C4A531EE4079000C3F3CA /* Highscore BG.png */ = {isa = PBXFileReference; lastKnownFileType = image.png; path = "Highscore BG.png"; sourceTree = "<group>"; };
		917C4A541EE4079000C3F3CA /* Menu BG.png */ = {isa = PBXFileReference; lastKnownFileType = image.png; path = "Menu BG.png"; sourceTree = "<group>"; };
		917C4A551EE4079000C3F3CA /* Options BG.png */ = {isa = PBXFileReference; lastKnownFileType = image.png; path = "Options BG.png"; sourceTree = "<group>"; };
		917C4A581EE4079000C3F3CA /* Pause Button.png */ = {isa = PBXFileReference; lastKnownFileType = image.png; path = "Pause Button.png"; sourceTree = "<group>"; };
		917C4A591EE4079000C3F3CA /* Ready.png */ = {isa = PBXFileReference; lastKnownFileType = image.png; path = Ready.png; sourceTree = "<group>"; };
		917C4A5A1EE4079000C3F3CA /* Score.png */ = {isa = PBXFileReference; lastKnownFileType = image.png; path = Score.png; sourceTree = "<group>"; };
		917C4A5C1EE4079000C3F3CA /* Back Button.png */ = {isa = PBXFileReference; lastKnownFileType = image.png; path = "Back Button.png"; sourceTree = "<group>"; };
		917C4A5D1EE4079000C3F3CA /* Check Sign.png */ = {isa = PBXFileReference; lastKnownFileType = image.png; path = "Check Sign.png"; sourceTree = "<group>"; };
		917C4A5E1EE4079000C3F3CA /* Easy Button.png */ = {isa = PBXFileReference; lastKnownFileType = image.png; path = "Easy Button.png"; sourceTree = "<group>"; };
		917C4A5F1EE4079000C3F3CA /* Hard Button.png */ = {isa = PBXFileReference; lastKnownFileType = image.png; path = "Hard Button.png"; sourceTree = "<group>"; };
		917C4A601EE4079000C3F3CA /* Medium Button.png */ = {isa = PBXFileReference; lastKnownFileType = image.png; path = "Medium Button.png"; sourceTree = "<group>"; };
		917C4A621EE4079000C3F3CA /* Highscore Button.png */ = {isa = PBXFileReference; lastKnownFileType = image.png; path = "Highscore Button.png"; sourceTree = "<group>"; };
		917C4A631EE4079000C3F3CA /* Music Off Button.png */ = {isa = PBXFileReference; lastKnownFileType = image.png; path = "Music Off Button.png"; sourceTree = "<group>"; };
		917C4A641EE4079000C3F3CA /* Music On Button.png */ = {isa = PBXFileReference; lastKnownFileType = image.png; path = "Music On Button.png"; sourceTree = "<group>"; };
		917C4A651EE4079000C3F3CA /* Options Button.png */ = {isa = PBXFileReference; lastKnownFileType = image.png; path = "Options Button.png"; sourceTree = "<group>"; };
		917C4A661EE4079000C3F3CA /* Quit Button.png */ = {isa = PBXFileReference; lastKnownFileType = image.png; path = "Quit Button.png"; sourceTree = "<group>"; };
		917C4A671EE4079000C3F3CA /* Start Game Button.png */ = {isa = PBXFileReference; lastKnownFileType = image.png; path = "Start Game Button.png"; sourceTree = "<group>"; };
		917C4A861EE407A200C3F3CA /* Player 1.png */ = {isa = PBXFileReference; lastKnownFileType = image.png; path = "Player 1.png"; sourceTree = "<group>"; };
		917C4A871EE407A200C3F3CA /* Player 2.png */ = {isa = PBXFileReference; lastKnownFileType = image.png; path = "Player 2.png"; sourceTree = "<group>"; };
		917C4A881EE407A200C3F3CA /* Player 3.png */ = {isa = PBXFileReference; lastKnownFileType = image.png; path = "Player 3.png"; sourceTree = "<group>"; };
		917C4A891EE407A200C3F3CA /* Player 4.png */ = {isa = PBXFileReference; lastKnownFileType = image.png; path = "Player 4.png"; sourceTree = "<group>"; };
		917C4A8A1EE407A200C3F3CA /* Player 5.png */ = {isa = PBXFileReference; lastKnownFileType = image.png; path = "Player 5.png"; sourceTree = "<group>"; };
		917C4A8B1EE407A200C3F3CA /* Player 6.png */ = {isa = PBXFileReference; lastKnownFileType = image.png; path = "Player 6.png"; sourceTree = "<group>"; };
		917C4A8C1EE407A200C3F3CA /* Player 7.png */ = {isa = PBXFileReference; lastKnownFileType = image.png; path = "Player 7.png"; sourceTree = "<group>"; };
		917C4A8D1EE407A200C3F3CA /* Player 8.png */ = {isa = PBXFileReference; lastKnownFileType = image.png; path = "Player 8.png"; sourceTree = "<group>"; };
		917C4A8E1EE407A200C3F3CA /* Player.atlas */ = {isa = PBXFileReference; lastKnownFileType = folder.skatlas; path = Player.atlas; sourceTree = "<group>"; };
		917C4A991EE4085900C3F3CA /* GameplayScene.sks */ = {isa = PBXFileReference; lastKnownFileType = file.sks; path = GameplayScene.sks; sourceTree = "<group>"; };
		917C4A9D1EE4D2D100C3F3CA /* BGClass.swift */ = {isa = PBXFileReference; fileEncoding = 4; lastKnownFileType = sourcecode.swift; path = BGClass.swift; sourceTree = "<group>"; };
		917C4AA01EE4DBC100C3F3CA /* CloudsController.swift */ = {isa = PBXFileReference; fileEncoding = 4; lastKnownFileType = sourcecode.swift; path = CloudsController.swift; sourceTree = "<group>"; };
		91A6AD841EE2B44B0076373D /* Jack The Giant.app */ = {isa = PBXFileReference; explicitFileType = wrapper.application; includeInIndex = 0; path = "Jack The Giant.app"; sourceTree = BUILT_PRODUCTS_DIR; };
		91A6AD871EE2B44B0076373D /* AppDelegate.swift */ = {isa = PBXFileReference; lastKnownFileType = sourcecode.swift; path = AppDelegate.swift; sourceTree = "<group>"; };
		91A6AD891EE2B44B0076373D /* GameScene.sks */ = {isa = PBXFileReference; lastKnownFileType = file.sks; path = GameScene.sks; sourceTree = "<group>"; };
		91A6AD8B1EE2B44B0076373D /* Actions.sks */ = {isa = PBXFileReference; lastKnownFileType = file.sks; path = Actions.sks; sourceTree = "<group>"; };
		91A6AD8D1EE2B44B0076373D /* GameScene.swift */ = {isa = PBXFileReference; lastKnownFileType = sourcecode.swift; path = GameScene.swift; sourceTree = "<group>"; };
		91A6AD8F1EE2B44B0076373D /* GameViewController.swift */ = {isa = PBXFileReference; lastKnownFileType = sourcecode.swift; path = GameViewController.swift; sourceTree = "<group>"; };
		91A6AD921EE2B44B0076373D /* Base */ = {isa = PBXFileReference; lastKnownFileType = file.storyboard; name = Base; path = Base.lproj/Main.storyboard; sourceTree = "<group>"; };
		91A6AD941EE2B44B0076373D /* Assets.xcassets */ = {isa = PBXFileReference; lastKnownFileType = folder.assetcatalog; path = Assets.xcassets; sourceTree = "<group>"; };
		91A6AD971EE2B44B0076373D /* Base */ = {isa = PBXFileReference; lastKnownFileType = file.storyboard; name = Base; path = Base.lproj/LaunchScreen.storyboard; sourceTree = "<group>"; };
		91A6AD991EE2B44B0076373D /* Info.plist */ = {isa = PBXFileReference; lastKnownFileType = text.plist.xml; path = Info.plist; sourceTree = "<group>"; };
		91A6AD9E1EE2B44C0076373D /* Jack The GiantTests.xctest */ = {isa = PBXFileReference; explicitFileType = wrapper.cfbundle; includeInIndex = 0; path = "Jack The GiantTests.xctest"; sourceTree = BUILT_PRODUCTS_DIR; };
		91A6ADA21EE2B44C0076373D /* Jack_The_GiantTests.swift */ = {isa = PBXFileReference; lastKnownFileType = sourcecode.swift; path = Jack_The_GiantTests.swift; sourceTree = "<group>"; };
		91A6ADA41EE2B44C0076373D /* Info.plist */ = {isa = PBXFileReference; lastKnownFileType = text.plist.xml; path = Info.plist; sourceTree = "<group>"; };
		91A6ADA91EE2B44C0076373D /* Jack The GiantUITests.xctest */ = {isa = PBXFileReference; explicitFileType = wrapper.cfbundle; includeInIndex = 0; path = "Jack The GiantUITests.xctest"; sourceTree = BUILT_PRODUCTS_DIR; };
		91A6ADAD1EE2B44C0076373D /* Jack_The_GiantUITests.swift */ = {isa = PBXFileReference; lastKnownFileType = sourcecode.swift; path = Jack_The_GiantUITests.swift; sourceTree = "<group>"; };
		91A6ADAF1EE2B44C0076373D /* Info.plist */ = {isa = PBXFileReference; lastKnownFileType = text.plist.xml; path = Info.plist; sourceTree = "<group>"; };
/* End PBXFileReference section */

/* Begin PBXFrameworksBuildPhase section */
		91A6AD811EE2B44B0076373D /* Frameworks */ = {
			isa = PBXFrameworksBuildPhase;
			buildActionMask = 2147483647;
			files = (
			);
			runOnlyForDeploymentPostprocessing = 0;
		};
		91A6AD9B1EE2B44C0076373D /* Frameworks */ = {
			isa = PBXFrameworksBuildPhase;
			buildActionMask = 2147483647;
			files = (
			);
			runOnlyForDeploymentPostprocessing = 0;
		};
		91A6ADA61EE2B44C0076373D /* Frameworks */ = {
			isa = PBXFrameworksBuildPhase;
			buildActionMask = 2147483647;
			files = (
			);
			runOnlyForDeploymentPostprocessing = 0;
		};
/* End PBXFrameworksBuildPhase section */

/* Begin PBXGroup section */
		917C4A2A1EE4026600C3F3CA /* Game Classes */ = {
			isa = PBXGroup;
			children = (
				917C4A9F1EE4DBAC00C3F3CA /* Cloud Class */,
				917C4A9B1EE4D2B000C3F3CA /* Backgrounds */,
				917C4A2B1EE4029600C3F3CA /* Player Class */,
				917C4A2C1EE4029F00C3F3CA /* Scene Classes */,
			);
			name = "Game Classes";
			sourceTree = "<group>";
		};
		917C4A2B1EE4029600C3F3CA /* Player Class */ = {
			isa = PBXGroup;
			children = (
				917C4A321EE4070400C3F3CA /* PlayerClass.swift */,
			);
			name = "Player Class";
			sourceTree = "<group>";
		};
		917C4A2C1EE4029F00C3F3CA /* Scene Classes */ = {
			isa = PBXGroup;
			children = (
				917C4A2F1EE404D400C3F3CA /* GameplayScene.swift */,
			);
			name = "Scene Classes";
			sourceTree = "<group>";
		};
		917C4A311EE405D700C3F3CA /* Assets */ = {
			isa = PBXGroup;
			children = (
				917C4A8E1EE407A200C3F3CA /* Player.atlas */,
				917C4A851EE407A200C3F3CA /* Player */,
				917C4A381EE4077900C3F3CA /* 1 - Pause Panel And Buttons */,
				917C4A411EE4079000C3F3CA /* 2 - Collectables */,
				917C4A441EE4079000C3F3CA /* 3 - Player */,
				917C4A451EE4079000C3F3CA /* 4 - Clouds */,
				917C4A4A1EE4079000C3F3CA /* 5 - Fonts */,
				917C4A4C1EE4079000C3F3CA /* 6 - Music */,
				917C4A511EE4079000C3F3CA /* 7 - Backgrounds */,
				917C4A561EE4079000C3F3CA /* 8 - Buttons */,
			);
			name = Assets;
			sourceTree = "<group>";
		};
		917C4A381EE4077900C3F3CA /* 1 - Pause Panel And Buttons */ = {
			isa = PBXGroup;
			children = (
				917C4A391EE4077900C3F3CA /* Pause Menu.png */,
				917C4A3A1EE4077900C3F3CA /* Quit Button 2.png */,
				917C4A3B1EE4077900C3F3CA /* Resume Button.png */,
				917C4A3C1EE4077900C3F3CA /* Show Score.png */,
			);
			path = "1 - Pause Panel And Buttons";
			sourceTree = "<group>";
		};
		917C4A411EE4079000C3F3CA /* 2 - Collectables */ = {
			isa = PBXGroup;
			children = (
				917C4A421EE4079000C3F3CA /* Coin.png */,
				917C4A431EE4079000C3F3CA /* Life.png */,
			);
			path = "2 - Collectables";
			sourceTree = "<group>";
		};
		917C4A441EE4079000C3F3CA /* 3 - Player */ = {
			isa = PBXGroup;
			children = (
			);
			path = "3 - Player";
			sourceTree = "<group>";
		};
		917C4A451EE4079000C3F3CA /* 4 - Clouds */ = {
			isa = PBXGroup;
			children = (
				917C4A461EE4079000C3F3CA /* Cloud 1.png */,
				917C4A471EE4079000C3F3CA /* Cloud 2.png */,
				917C4A481EE4079000C3F3CA /* Cloud 3.png */,
				917C4A491EE4079000C3F3CA /* Dark Cloud.png */,
			);
			path = "4 - Clouds";
			sourceTree = "<group>";
		};
		917C4A4A1EE4079000C3F3CA /* 5 - Fonts */ = {
			isa = PBXGroup;
			children = (
				917C4A4B1EE4079000C3F3CA /* blow.ttf */,
			);
			path = "5 - Fonts";
			sourceTree = "<group>";
		};
		917C4A4C1EE4079000C3F3CA /* 6 - Music */ = {
			isa = PBXGroup;
			children = (
				917C4A4D1EE4079000C3F3CA /* Background music.mp3 */,
				917C4A4E1EE4079000C3F3CA /* Click Sound.wav */,
				917C4A4F1EE4079000C3F3CA /* Coin Sound.wav */,
				917C4A501EE4079000C3F3CA /* Life Sound.wav */,
			);
			path = "6 - Music";
			sourceTree = "<group>";
		};
		917C4A511EE4079000C3F3CA /* 7 - Backgrounds */ = {
			isa = PBXGroup;
			children = (
				917C4A521EE4079000C3F3CA /* Game BG.png */,
				917C4A531EE4079000C3F3CA /* Highscore BG.png */,
				917C4A541EE4079000C3F3CA /* Menu BG.png */,
				917C4A551EE4079000C3F3CA /* Options BG.png */,
			);
			path = "7 - Backgrounds";
			sourceTree = "<group>";
		};
		917C4A561EE4079000C3F3CA /* 8 - Buttons */ = {
			isa = PBXGroup;
			children = (
				917C4A571EE4079000C3F3CA /* 1 - Gameplay Buttons */,
				917C4A5B1EE4079000C3F3CA /* 2 - Options Buttons */,
				917C4A611EE4079000C3F3CA /* 3 - Main Menu Buttons */,
			);
			path = "8 - Buttons";
			sourceTree = "<group>";
		};
		917C4A571EE4079000C3F3CA /* 1 - Gameplay Buttons */ = {
			isa = PBXGroup;
			children = (
				917C4A581EE4079000C3F3CA /* Pause Button.png */,
				917C4A591EE4079000C3F3CA /* Ready.png */,
				917C4A5A1EE4079000C3F3CA /* Score.png */,
			);
			path = "1 - Gameplay Buttons";
			sourceTree = "<group>";
		};
		917C4A5B1EE4079000C3F3CA /* 2 - Options Buttons */ = {
			isa = PBXGroup;
			children = (
				917C4A5C1EE4079000C3F3CA /* Back Button.png */,
				917C4A5D1EE4079000C3F3CA /* Check Sign.png */,
				917C4A5E1EE4079000C3F3CA /* Easy Button.png */,
				917C4A5F1EE4079000C3F3CA /* Hard Button.png */,
				917C4A601EE4079000C3F3CA /* Medium Button.png */,
			);
			path = "2 - Options Buttons";
			sourceTree = "<group>";
		};
		917C4A611EE4079000C3F3CA /* 3 - Main Menu Buttons */ = {
			isa = PBXGroup;
			children = (
				917C4A621EE4079000C3F3CA /* Highscore Button.png */,
				917C4A631EE4079000C3F3CA /* Music Off Button.png */,
				917C4A641EE4079000C3F3CA /* Music On Button.png */,
				917C4A651EE4079000C3F3CA /* Options Button.png */,
				917C4A661EE4079000C3F3CA /* Quit Button.png */,
				917C4A671EE4079000C3F3CA /* Start Game Button.png */,
			);
			path = "3 - Main Menu Buttons";
			sourceTree = "<group>";
		};
		917C4A851EE407A200C3F3CA /* Player */ = {
			isa = PBXGroup;
			children = (
				917C4A861EE407A200C3F3CA /* Player 1.png */,
				917C4A871EE407A200C3F3CA /* Player 2.png */,
				917C4A881EE407A200C3F3CA /* Player 3.png */,
				917C4A891EE407A200C3F3CA /* Player 4.png */,
				917C4A8A1EE407A200C3F3CA /* Player 5.png */,
				917C4A8B1EE407A200C3F3CA /* Player 6.png */,
				917C4A8C1EE407A200C3F3CA /* Player 7.png */,
				917C4A8D1EE407A200C3F3CA /* Player 8.png */,
			);
			path = Player;
			sourceTree = "<group>";
		};
		917C4A981EE4081D00C3F3CA /* Scenes */ = {
			isa = PBXGroup;
			children = (
				917C4A991EE4085900C3F3CA /* GameplayScene.sks */,
			);
			name = Scenes;
			sourceTree = "<group>";
		};
		917C4A9B1EE4D2B000C3F3CA /* Backgrounds */ = {
			isa = PBXGroup;
			children = (
				917C4A9D1EE4D2D100C3F3CA /* BGClass.swift */,
			);
			name = Backgrounds;
			sourceTree = "<group>";
		};
		917C4A9F1EE4DBAC00C3F3CA /* Cloud Class */ = {
			isa = PBXGroup;
			children = (
				917C4AA01EE4DBC100C3F3CA /* CloudsController.swift */,
			);
			name = "Cloud Class";
			sourceTree = "<group>";
		};
		91A6AD7B1EE2B44B0076373D = {
			isa = PBXGroup;
			children = (
				91A6AD861EE2B44B0076373D /* Jack The Giant */,
				917C4A2A1EE4026600C3F3CA /* Game Classes */,
				917C4A981EE4081D00C3F3CA /* Scenes */,
				917C4A311EE405D700C3F3CA /* Assets */,
				91A6ADA11EE2B44C0076373D /* Jack The GiantTests */,
				91A6ADAC1EE2B44C0076373D /* Jack The GiantUITests */,
				91A6AD851EE2B44B0076373D /* Products */,
			);
			sourceTree = "<group>";
		};
		91A6AD851EE2B44B0076373D /* Products */ = {
			isa = PBXGroup;
			children = (
				91A6AD841EE2B44B0076373D /* Jack The Giant.app */,
				91A6AD9E1EE2B44C0076373D /* Jack The GiantTests.xctest */,
				91A6ADA91EE2B44C0076373D /* Jack The GiantUITests.xctest */,
			);
			name = Products;
			sourceTree = "<group>";
		};
		91A6AD861EE2B44B0076373D /* Jack The Giant */ = {
			isa = PBXGroup;
			children = (
				91A6AD871EE2B44B0076373D /* AppDelegate.swift */,
				91A6AD891EE2B44B0076373D /* GameScene.sks */,
				91A6AD8B1EE2B44B0076373D /* Actions.sks */,
				91A6AD8D1EE2B44B0076373D /* GameScene.swift */,
				91A6AD8F1EE2B44B0076373D /* GameViewController.swift */,
				91A6AD911EE2B44B0076373D /* Main.storyboard */,
				91A6AD941EE2B44B0076373D /* Assets.xcassets */,
				91A6AD961EE2B44B0076373D /* LaunchScreen.storyboard */,
				91A6AD991EE2B44B0076373D /* Info.plist */,
			);
			path = "Jack The Giant";
			sourceTree = "<group>";
		};
		91A6ADA11EE2B44C0076373D /* Jack The GiantTests */ = {
			isa = PBXGroup;
			children = (
				91A6ADA21EE2B44C0076373D /* Jack_The_GiantTests.swift */,
				91A6ADA41EE2B44C0076373D /* Info.plist */,
			);
			path = "Jack The GiantTests";
			sourceTree = "<group>";
		};
		91A6ADAC1EE2B44C0076373D /* Jack The GiantUITests */ = {
			isa = PBXGroup;
			children = (
				91A6ADAD1EE2B44C0076373D /* Jack_The_GiantUITests.swift */,
				91A6ADAF1EE2B44C0076373D /* Info.plist */,
			);
			path = "Jack The GiantUITests";
			sourceTree = "<group>";
		};
/* End PBXGroup section */

/* Begin PBXNativeTarget section */
		91A6AD831EE2B44B0076373D /* Jack The Giant */ = {
			isa = PBXNativeTarget;
			buildConfigurationList = 91A6ADB21EE2B44C0076373D /* Build configuration list for PBXNativeTarget "Jack The Giant" */;
			buildPhases = (
				91A6AD801EE2B44B0076373D /* Sources */,
				91A6AD811EE2B44B0076373D /* Frameworks */,
				91A6AD821EE2B44B0076373D /* Resources */,
			);
			buildRules = (
			);
			dependencies = (
			);
			name = "Jack The Giant";
			productName = "Jack The Giant";
			productReference = 91A6AD841EE2B44B0076373D /* Jack The Giant.app */;
			productType = "com.apple.product-type.application";
		};
		91A6AD9D1EE2B44C0076373D /* Jack The GiantTests */ = {
			isa = PBXNativeTarget;
			buildConfigurationList = 91A6ADB51EE2B44C0076373D /* Build configuration list for PBXNativeTarget "Jack The GiantTests" */;
			buildPhases = (
				91A6AD9A1EE2B44C0076373D /* Sources */,
				91A6AD9B1EE2B44C0076373D /* Frameworks */,
				91A6AD9C1EE2B44C0076373D /* Resources */,
			);
			buildRules = (
			);
			dependencies = (
				91A6ADA01EE2B44C0076373D /* PBXTargetDependency */,
			);
			name = "Jack The GiantTests";
			productName = "Jack The GiantTests";
			productReference = 91A6AD9E1EE2B44C0076373D /* Jack The GiantTests.xctest */;
			productType = "com.apple.product-type.bundle.unit-test";
		};
		91A6ADA81EE2B44C0076373D /* Jack The GiantUITests */ = {
			isa = PBXNativeTarget;
			buildConfigurationList = 91A6ADB81EE2B44C0076373D /* Build configuration list for PBXNativeTarget "Jack The GiantUITests" */;
			buildPhases = (
				91A6ADA51EE2B44C0076373D /* Sources */,
				91A6ADA61EE2B44C0076373D /* Frameworks */,
				91A6ADA71EE2B44C0076373D /* Resources */,
			);
			buildRules = (
			);
			dependencies = (
				91A6ADAB1EE2B44C0076373D /* PBXTargetDependency */,
			);
			name = "Jack The GiantUITests";
			productName = "Jack The GiantUITests";
			productReference = 91A6ADA91EE2B44C0076373D /* Jack The GiantUITests.xctest */;
			productType = "com.apple.product-type.bundle.ui-testing";
		};
/* End PBXNativeTarget section */

/* Begin PBXProject section */
		91A6AD7C1EE2B44B0076373D /* Project object */ = {
			isa = PBXProject;
			attributes = {
				LastSwiftUpdateCheck = 0830;
				LastUpgradeCheck = 0830;
				ORGANIZATIONNAME = "Jamie Armour";
				TargetAttributes = {
					91A6AD831EE2B44B0076373D = {
						CreatedOnToolsVersion = 8.3.2;
						ProvisioningStyle = Automatic;
					};
					91A6AD9D1EE2B44C0076373D = {
						CreatedOnToolsVersion = 8.3.2;
						ProvisioningStyle = Automatic;
						TestTargetID = 91A6AD831EE2B44B0076373D;
					};
					91A6ADA81EE2B44C0076373D = {
						CreatedOnToolsVersion = 8.3.2;
						ProvisioningStyle = Automatic;
						TestTargetID = 91A6AD831EE2B44B0076373D;
					};
				};
			};
			buildConfigurationList = 91A6AD7F1EE2B44B0076373D /* Build configuration list for PBXProject "Jack The Giant" */;
			compatibilityVersion = "Xcode 3.2";
			developmentRegion = English;
			hasScannedForEncodings = 0;
			knownRegions = (
				en,
				Base,
			);
			mainGroup = 91A6AD7B1EE2B44B0076373D;
			productRefGroup = 91A6AD851EE2B44B0076373D /* Products */;
			projectDirPath = "";
			projectRoot = "";
			targets = (
				91A6AD831EE2B44B0076373D /* Jack The Giant */,
				91A6AD9D1EE2B44C0076373D /* Jack The GiantTests */,
				91A6ADA81EE2B44C0076373D /* Jack The GiantUITests */,
			);
		};
/* End PBXProject section */

/* Begin PBXResourcesBuildPhase section */
		91A6AD821EE2B44B0076373D /* Resources */ = {
			isa = PBXResourcesBuildPhase;
			buildActionMask = 2147483647;
			files = (
				917C4A841EE4079000C3F3CA /* Start Game Button.png in Resources */,
				917C4A3F1EE4077900C3F3CA /* Resume Button.png in Resources */,
				917C4A7E1EE4079000C3F3CA /* Medium Button.png in Resources */,
				917C4A951EE407A200C3F3CA /* Player 7.png in Resources */,
				917C4A921EE407A200C3F3CA /* Player 4.png in Resources */,
				91A6AD931EE2B44B0076373D /* Main.storyboard in Resources */,
				917C4A7C1EE4079000C3F3CA /* Easy Button.png in Resources */,
				917C4A681EE4079000C3F3CA /* Coin.png in Resources */,
				917C4A831EE4079000C3F3CA /* Quit Button.png in Resources */,
				917C4A931EE407A200C3F3CA /* Player 5.png in Resources */,
				917C4A731EE4079000C3F3CA /* Game BG.png in Resources */,
				917C4A3D1EE4077900C3F3CA /* Pause Menu.png in Resources */,
				917C4A6D1EE4079000C3F3CA /* Dark Cloud.png in Resources */,
				917C4A791EE4079000C3F3CA /* Score.png in Resources */,
				917C4A7B1EE4079000C3F3CA /* Check Sign.png in Resources */,
				917C4A6C1EE4079000C3F3CA /* Cloud 3.png in Resources */,
				917C4A901EE407A200C3F3CA /* Player 2.png in Resources */,
				917C4A691EE4079000C3F3CA /* Life.png in Resources */,
				917C4A6F1EE4079000C3F3CA /* Background music.mp3 in Resources */,
				917C4A821EE4079000C3F3CA /* Options Button.png in Resources */,
				917C4A781EE4079000C3F3CA /* Ready.png in Resources */,
				917C4A701EE4079000C3F3CA /* Click Sound.wav in Resources */,
				91A6AD8A1EE2B44B0076373D /* GameScene.sks in Resources */,
				917C4A961EE407A200C3F3CA /* Player 8.png in Resources */,
				917C4A6E1EE4079000C3F3CA /* blow.ttf in Resources */,
				917C4A721EE4079000C3F3CA /* Life Sound.wav in Resources */,
				91A6AD951EE2B44B0076373D /* Assets.xcassets in Resources */,
				917C4A6B1EE4079000C3F3CA /* Cloud 2.png in Resources */,
				917C4A911EE407A200C3F3CA /* Player 3.png in Resources */,
				917C4A751EE4079000C3F3CA /* Menu BG.png in Resources */,
				917C4A811EE4079000C3F3CA /* Music On Button.png in Resources */,
				917C4A941EE407A200C3F3CA /* Player 6.png in Resources */,
				917C4A3E1EE4077900C3F3CA /* Quit Button 2.png in Resources */,
				917C4A741EE4079000C3F3CA /* Highscore BG.png in Resources */,
				917C4A8F1EE407A200C3F3CA /* Player 1.png in Resources */,
				91A6AD981EE2B44B0076373D /* LaunchScreen.storyboard in Resources */,
				917C4A7D1EE4079000C3F3CA /* Hard Button.png in Resources */,
				917C4A801EE4079000C3F3CA /* Music Off Button.png in Resources */,
				917C4A971EE407A200C3F3CA /* Player.atlas in Resources */,
				917C4A711EE4079000C3F3CA /* Coin Sound.wav in Resources */,
				917C4A401EE4077900C3F3CA /* Show Score.png in Resources */,
				917C4A6A1EE4079000C3F3CA /* Cloud 1.png in Resources */,
				917C4A761EE4079000C3F3CA /* Options BG.png in Resources */,
				917C4A771EE4079000C3F3CA /* Pause Button.png in Resources */,
				91A6AD8C1EE2B44B0076373D /* Actions.sks in Resources */,
				917C4A7F1EE4079000C3F3CA /* Highscore Button.png in Resources */,
				917C4A9A1EE4085900C3F3CA /* GameplayScene.sks in Resources */,
				917C4A7A1EE4079000C3F3CA /* Back Button.png in Resources */,
			);
			runOnlyForDeploymentPostprocessing = 0;
		};
		91A6AD9C1EE2B44C0076373D /* Resources */ = {
			isa = PBXResourcesBuildPhase;
			buildActionMask = 2147483647;
			files = (
			);
			runOnlyForDeploymentPostprocessing = 0;
		};
		91A6ADA71EE2B44C0076373D /* Resources */ = {
			isa = PBXResourcesBuildPhase;
			buildActionMask = 2147483647;
			files = (
			);
			runOnlyForDeploymentPostprocessing = 0;
		};
/* End PBXResourcesBuildPhase section */

/* Begin PBXSourcesBuildPhase section */
		91A6AD801EE2B44B0076373D /* Sources */ = {
			isa = PBXSourcesBuildPhase;
			buildActionMask = 2147483647;
			files = (
				917C4AA11EE4DBC100C3F3CA /* CloudsController.swift in Sources */,
				917C4A301EE404D400C3F3CA /* GameplayScene.swift in Sources */,
				91A6AD8E1EE2B44B0076373D /* GameScene.swift in Sources */,
				917C4A331EE4070400C3F3CA /* PlayerClass.swift in Sources */,
				91A6AD901EE2B44B0076373D /* GameViewController.swift in Sources */,
				91A6AD881EE2B44B0076373D /* AppDelegate.swift in Sources */,
				917C4A9E1EE4D2D100C3F3CA /* BGClass.swift in Sources */,
			);
			runOnlyForDeploymentPostprocessing = 0;
		};
		91A6AD9A1EE2B44C0076373D /* Sources */ = {
			isa = PBXSourcesBuildPhase;
			buildActionMask = 2147483647;
			files = (
				91A6ADA31EE2B44C0076373D /* Jack_The_GiantTests.swift in Sources */,
			);
			runOnlyForDeploymentPostprocessing = 0;
		};
		91A6ADA51EE2B44C0076373D /* Sources */ = {
			isa = PBXSourcesBuildPhase;
			buildActionMask = 2147483647;
			files = (
				91A6ADAE1EE2B44C0076373D /* Jack_The_GiantUITests.swift in Sources */,
			);
			runOnlyForDeploymentPostprocessing = 0;
		};
/* End PBXSourcesBuildPhase section */

/* Begin PBXTargetDependency section */
		91A6ADA01EE2B44C0076373D /* PBXTargetDependency */ = {
			isa = PBXTargetDependency;
			target = 91A6AD831EE2B44B0076373D /* Jack The Giant */;
			targetProxy = 91A6AD9F1EE2B44C0076373D /* PBXContainerItemProxy */;
		};
		91A6ADAB1EE2B44C0076373D /* PBXTargetDependency */ = {
			isa = PBXTargetDependency;
			target = 91A6AD831EE2B44B0076373D /* Jack The Giant */;
			targetProxy = 91A6ADAA1EE2B44C0076373D /* PBXContainerItemProxy */;
		};
/* End PBXTargetDependency section */

/* Begin PBXVariantGroup section */
		91A6AD911EE2B44B0076373D /* Main.storyboard */ = {
			isa = PBXVariantGroup;
			children = (
				91A6AD921EE2B44B0076373D /* Base */,
			);
			name = Main.storyboard;
			sourceTree = "<group>";
		};
		91A6AD961EE2B44B0076373D /* LaunchScreen.storyboard */ = {
			isa = PBXVariantGroup;
			children = (
				91A6AD971EE2B44B0076373D /* Base */,
			);
			name = LaunchScreen.storyboard;
			sourceTree = "<group>";
		};
/* End PBXVariantGroup section */

/* Begin XCBuildConfiguration section */
		91A6ADB01EE2B44C0076373D /* Debug */ = {
			isa = XCBuildConfiguration;
			buildSettings = {
				ALWAYS_SEARCH_USER_PATHS = NO;
				CLANG_ANALYZER_NONNULL = YES;
				CLANG_ANALYZER_NUMBER_OBJECT_CONVERSION = YES_AGGRESSIVE;
				CLANG_CXX_LANGUAGE_STANDARD = "gnu++0x";
				CLANG_CXX_LIBRARY = "libc++";
				CLANG_ENABLE_MODULES = YES;
				CLANG_ENABLE_OBJC_ARC = YES;
				CLANG_WARN_BOOL_CONVERSION = YES;
				CLANG_WARN_CONSTANT_CONVERSION = YES;
				CLANG_WARN_DIRECT_OBJC_ISA_USAGE = YES_ERROR;
				CLANG_WARN_DOCUMENTATION_COMMENTS = YES;
				CLANG_WARN_EMPTY_BODY = YES;
				CLANG_WARN_ENUM_CONVERSION = YES;
				CLANG_WARN_INFINITE_RECURSION = YES;
				CLANG_WARN_INT_CONVERSION = YES;
				CLANG_WARN_OBJC_ROOT_CLASS = YES_ERROR;
				CLANG_WARN_SUSPICIOUS_MOVE = YES;
				CLANG_WARN_UNREACHABLE_CODE = YES;
				CLANG_WARN__DUPLICATE_METHOD_MATCH = YES;
				"CODE_SIGN_IDENTITY[sdk=iphoneos*]" = "iPhone Developer";
				COPY_PHASE_STRIP = NO;
				DEBUG_INFORMATION_FORMAT = dwarf;
				ENABLE_STRICT_OBJC_MSGSEND = YES;
				ENABLE_TESTABILITY = YES;
				GCC_C_LANGUAGE_STANDARD = gnu99;
				GCC_DYNAMIC_NO_PIC = NO;
				GCC_NO_COMMON_BLOCKS = YES;
				GCC_OPTIMIZATION_LEVEL = 0;
				GCC_PREPROCESSOR_DEFINITIONS = (
					"DEBUG=1",
					"$(inherited)",
				);
				GCC_WARN_64_TO_32_BIT_CONVERSION = YES;
				GCC_WARN_ABOUT_RETURN_TYPE = YES_ERROR;
				GCC_WARN_UNDECLARED_SELECTOR = YES;
				GCC_WARN_UNINITIALIZED_AUTOS = YES_AGGRESSIVE;
				GCC_WARN_UNUSED_FUNCTION = YES;
				GCC_WARN_UNUSED_VARIABLE = YES;
				IPHONEOS_DEPLOYMENT_TARGET = 10.3;
				MTL_ENABLE_DEBUG_INFO = YES;
				ONLY_ACTIVE_ARCH = YES;
				SDKROOT = iphoneos;
				SWIFT_ACTIVE_COMPILATION_CONDITIONS = DEBUG;
				SWIFT_OPTIMIZATION_LEVEL = "-Onone";
				TARGETED_DEVICE_FAMILY = "1,2";
			};
			name = Debug;
		};
		91A6ADB11EE2B44C0076373D /* Release */ = {
			isa = XCBuildConfiguration;
			buildSettings = {
				ALWAYS_SEARCH_USER_PATHS = NO;
				CLANG_ANALYZER_NONNULL = YES;
				CLANG_ANALYZER_NUMBER_OBJECT_CONVERSION = YES_AGGRESSIVE;
				CLANG_CXX_LANGUAGE_STANDARD = "gnu++0x";
				CLANG_CXX_LIBRARY = "libc++";
				CLANG_ENABLE_MODULES = YES;
				CLANG_ENABLE_OBJC_ARC = YES;
				CLANG_WARN_BOOL_CONVERSION = YES;
				CLANG_WARN_CONSTANT_CONVERSION = YES;
				CLANG_WARN_DIRECT_OBJC_ISA_USAGE = YES_ERROR;
				CLANG_WARN_DOCUMENTATION_COMMENTS = YES;
				CLANG_WARN_EMPTY_BODY = YES;
				CLANG_WARN_ENUM_CONVERSION = YES;
				CLANG_WARN_INFINITE_RECURSION = YES;
				CLANG_WARN_INT_CONVERSION = YES;
				CLANG_WARN_OBJC_ROOT_CLASS = YES_ERROR;
				CLANG_WARN_SUSPICIOUS_MOVE = YES;
				CLANG_WARN_UNREACHABLE_CODE = YES;
				CLANG_WARN__DUPLICATE_METHOD_MATCH = YES;
				"CODE_SIGN_IDENTITY[sdk=iphoneos*]" = "iPhone Developer";
				COPY_PHASE_STRIP = NO;
				DEBUG_INFORMATION_FORMAT = "dwarf-with-dsym";
				ENABLE_NS_ASSERTIONS = NO;
				ENABLE_STRICT_OBJC_MSGSEND = YES;
				GCC_C_LANGUAGE_STANDARD = gnu99;
				GCC_NO_COMMON_BLOCKS = YES;
				GCC_WARN_64_TO_32_BIT_CONVERSION = YES;
				GCC_WARN_ABOUT_RETURN_TYPE = YES_ERROR;
				GCC_WARN_UNDECLARED_SELECTOR = YES;
				GCC_WARN_UNINITIALIZED_AUTOS = YES_AGGRESSIVE;
				GCC_WARN_UNUSED_FUNCTION = YES;
				GCC_WARN_UNUSED_VARIABLE = YES;
				IPHONEOS_DEPLOYMENT_TARGET = 10.3;
				MTL_ENABLE_DEBUG_INFO = NO;
				SDKROOT = iphoneos;
				SWIFT_OPTIMIZATION_LEVEL = "-Owholemodule";
				TARGETED_DEVICE_FAMILY = "1,2";
				VALIDATE_PRODUCT = YES;
			};
			name = Release;
		};
		91A6ADB31EE2B44C0076373D /* Debug */ = {
			isa = XCBuildConfiguration;
			buildSettings = {
				ASSETCATALOG_COMPILER_APPICON_NAME = AppIcon;
				INFOPLIST_FILE = "Jack The Giant/Info.plist";
				IPHONEOS_DEPLOYMENT_TARGET = 10.3;
				LD_RUNPATH_SEARCH_PATHS = "$(inherited) @executable_path/Frameworks";
				PRODUCT_BUNDLE_IDENTIFIER = "com.jamiegame.Jack-The-Giant";
				PRODUCT_NAME = "$(TARGET_NAME)";
				SWIFT_VERSION = 3.0;
			};
			name = Debug;
		};
		91A6ADB41EE2B44C0076373D /* Release */ = {
			isa = XCBuildConfiguration;
			buildSettings = {
				ASSETCATALOG_COMPILER_APPICON_NAME = AppIcon;
				INFOPLIST_FILE = "Jack The Giant/Info.plist";
				IPHONEOS_DEPLOYMENT_TARGET = 10.3;
				LD_RUNPATH_SEARCH_PATHS = "$(inherited) @executable_path/Frameworks";
				PRODUCT_BUNDLE_IDENTIFIER = "com.jamiegame.Jack-The-Giant";
				PRODUCT_NAME = "$(TARGET_NAME)";
				SWIFT_VERSION = 3.0;
			};
			name = Release;
		};
		91A6ADB61EE2B44C0076373D /* Debug */ = {
			isa = XCBuildConfiguration;
			buildSettings = {
				ALWAYS_EMBED_SWIFT_STANDARD_LIBRARIES = YES;
				BUNDLE_LOADER = "$(TEST_HOST)";
				INFOPLIST_FILE = "Jack The GiantTests/Info.plist";
				LD_RUNPATH_SEARCH_PATHS = "$(inherited) @executable_path/Frameworks @loader_path/Frameworks";
				PRODUCT_BUNDLE_IDENTIFIER = "com.jamiegame.Jack-The-GiantTests";
				PRODUCT_NAME = "$(TARGET_NAME)";
				SWIFT_VERSION = 3.0;
				TEST_HOST = "$(BUILT_PRODUCTS_DIR)/Jack The Giant.app/Jack The Giant";
			};
			name = Debug;
		};
		91A6ADB71EE2B44C0076373D /* Release */ = {
			isa = XCBuildConfiguration;
			buildSettings = {
				ALWAYS_EMBED_SWIFT_STANDARD_LIBRARIES = YES;
				BUNDLE_LOADER = "$(TEST_HOST)";
				INFOPLIST_FILE = "Jack The GiantTests/Info.plist";
				LD_RUNPATH_SEARCH_PATHS = "$(inherited) @executable_path/Frameworks @loader_path/Frameworks";
				PRODUCT_BUNDLE_IDENTIFIER = "com.jamiegame.Jack-The-GiantTests";
				PRODUCT_NAME = "$(TARGET_NAME)";
				SWIFT_VERSION = 3.0;
				TEST_HOST = "$(BUILT_PRODUCTS_DIR)/Jack The Giant.app/Jack The Giant";
			};
			name = Release;
		};
		91A6ADB91EE2B44C0076373D /* Debug */ = {
			isa = XCBuildConfiguration;
			buildSettings = {
				ALWAYS_EMBED_SWIFT_STANDARD_LIBRARIES = YES;
				INFOPLIST_FILE = "Jack The GiantUITests/Info.plist";
				LD_RUNPATH_SEARCH_PATHS = "$(inherited) @executable_path/Frameworks @loader_path/Frameworks";
				PRODUCT_BUNDLE_IDENTIFIER = "com.jamiegame.Jack-The-GiantUITests";
				PRODUCT_NAME = "$(TARGET_NAME)";
				SWIFT_VERSION = 3.0;
				TEST_TARGET_NAME = "Jack The Giant";
			};
			name = Debug;
		};
		91A6ADBA1EE2B44C0076373D /* Release */ = {
			isa = XCBuildConfiguration;
			buildSettings = {
				ALWAYS_EMBED_SWIFT_STANDARD_LIBRARIES = YES;
				INFOPLIST_FILE = "Jack The GiantUITests/Info.plist";
				LD_RUNPATH_SEARCH_PATHS = "$(inherited) @executable_path/Frameworks @loader_path/Frameworks";
				PRODUCT_BUNDLE_IDENTIFIER = "com.jamiegame.Jack-The-GiantUITests";
				PRODUCT_NAME = "$(TARGET_NAME)";
				SWIFT_VERSION = 3.0;
				TEST_TARGET_NAME = "Jack The Giant";
			};
			name = Release;
		};
/* End XCBuildConfiguration section */

/* Begin XCConfigurationList section */
		91A6AD7F1EE2B44B0076373D /* Build configuration list for PBXProject "Jack The Giant" */ = {
			isa = XCConfigurationList;
			buildConfigurations = (
				91A6ADB01EE2B44C0076373D /* Debug */,
				91A6ADB11EE2B44C0076373D /* Release */,
			);
			defaultConfigurationIsVisible = 0;
			defaultConfigurationName = Release;
		};
		91A6ADB21EE2B44C0076373D /* Build configuration list for PBXNativeTarget "Jack The Giant" */ = {
			isa = XCConfigurationList;
			buildConfigurations = (
				91A6ADB31EE2B44C0076373D /* Debug */,
				91A6ADB41EE2B44C0076373D /* Release */,
			);
			defaultConfigurationIsVisible = 0;
			defaultConfigurationName = Release;
		};
		91A6ADB51EE2B44C0076373D /* Build configuration list for PBXNativeTarget "Jack The GiantTests" */ = {
			isa = XCConfigurationList;
			buildConfigurations = (
				91A6ADB61EE2B44C0076373D /* Debug */,
				91A6ADB71EE2B44C0076373D /* Release */,
			);
			defaultConfigurationIsVisible = 0;
			defaultConfigurationName = Release;
		};
		91A6ADB81EE2B44C0076373D /* Build configuration list for PBXNativeTarget "Jack The GiantUITests" */ = {
			isa = XCConfigurationList;
			buildConfigurations = (
				91A6ADB91EE2B44C0076373D /* Debug */,
				91A6ADBA1EE2B44C0076373D /* Release */,
			);
			defaultConfigurationIsVisible = 0;
			defaultConfigurationName = Release;
		};
/* End XCConfigurationList section */
	};
	rootObject = 91A6AD7C1EE2B44B0076373D /* Project object */;
}
